
Microsoft Visual Studio Solution File, Format Version 12.00
# Visual Studio 15
VisualStudioVersion = 15.0.28010.2046
MinimumVisualStudioVersion = 10.0.40219.1
Project("{E24C65DC-7377-472B-9ABA-BC803B73C61A}") = "ToFarm", "ToFarm\", "{08F26681-22E3-489E-8D41-1B981EA5DC95}"
	ProjectSection(WebsiteProperties) = preProject
		TargetFrameworkMoniker = ".NETFramework,Version%3Dv4.0"
		Debug.AspNetCompiler.VirtualPath = "/localhost_59004"
		Debug.AspNetCompiler.PhysicalPath = "ToFarm\"
		Debug.AspNetCompiler.TargetPath = "PrecompiledWeb\localhost_59004\"
		Debug.AspNetCompiler.Updateable = "true"
		Debug.AspNetCompiler.ForceOverwrite = "true"
		Debug.AspNetCompiler.FixedNames = "false"
		Debug.AspNetCompiler.Debug = "True"
		Release.AspNetCompiler.VirtualPath = "/localhost_59004"
		Release.AspNetCompiler.PhysicalPath = "ToFarm\"
		Release.AspNetCompiler.TargetPath = "PrecompiledWeb\localhost_59004\"
		Release.AspNetCompiler.Updateable = "true"
		Release.AspNetCompiler.ForceOverwrite = "true"
		Release.AspNetCompiler.FixedNames = "false"
		Release.AspNetCompiler.Debug = "False"
		VWDPort = "59004"
		SlnRelativePath = "ToFarm\"
		DefaultWebSiteLanguage = "Visual C#"
	EndProjectSection
EndProject
Global
	GlobalSection(SolutionConfigurationPlatforms) = preSolution
		Debug|Any CPU = Debug|Any CPU
	EndGlobalSection
	GlobalSection(ProjectConfigurationPlatforms) = postSolution
		{08F26681-22E3-489E-8D41-1B981EA5DC95}.Debug|Any CPU.ActiveCfg = Debug|Any CPU
		{08F26681-22E3-489E-8D41-1B981EA5DC95}.Debug|Any CPU.Build.0 = Debug|Any CPU
	EndGlobalSection
	GlobalSection(SolutionProperties) = preSolution
		HideSolutionNode = FALSE
	EndGlobalSection
	GlobalSection(ExtensibilityGlobals) = postSolution
		SolutionGuid = {67C9D6AC-F09E-4D7B-BFAC-1AB3A7A005B0}
	EndGlobalSection
EndGlobal
